
Microsoft Visual Studio Solution File, Format Version 12.00
# Visual Studio Version 17
VisualStudioVersion = 17.11.35312.102
MinimumVisualStudioVersion = 10.0.40219.1
Project("{FAE04EC0-301F-11D3-BF4B-00C04F79EFBC}") = "NetRoute Master", "NetRoute Master\NetRoute Master.csproj", "{6B4B2DBD-ECC7-4694-85D4-E1D6545CA226}"
EndProject
Global
	GlobalSection(SolutionConfigurationPlatforms) = preSolution
		Debug|Any CPU = Debug|Any CPU
		Release|Any CPU = Release|Any CPU
	EndGlobalSection
	GlobalSection(ProjectConfigurationPlatforms) = postSolution
		{6B4B2DBD-ECC7-4694-85D4-E1D6545CA226}.Debug|Any CPU.ActiveCfg = Debug|Any CPU
		{6B4B2DBD-ECC7-4694-85D4-E1D6545CA226}.Debug|Any CPU.Build.0 = Debug|Any CPU
		{6B4B2DBD-ECC7-4694-85D4-E1D6545CA226}.Release|Any CPU.ActiveCfg = Release|Any CPU
		{6B4B2DBD-ECC7-4694-85D4-E1D6545CA226}.Release|Any CPU.Build.0 = Release|Any CPU
	EndGlobalSection
	GlobalSection(SolutionProperties) = preSolution
		HideSolutionNode = FALSE
	EndGlobalSection
	GlobalSection(ExtensibilityGlobals) = postSolution
		SolutionGuid = {35FCFE6D-EFAF-47D4-8076-298305BF9849}
	EndGlobalSection
EndGlobal
